
Microsoft Visual Studio Solution File, Format Version 12.00
# Visual Studio Version 16
VisualStudioVersion = 16.0.31424.327
MinimumVisualStudioVersion = 10.0.40219.1
Project("{FAE04EC0-301F-11D3-BF4B-00C04F79EFBC}") = "TDIC", "server-app\server-app.csproj", "{2D63819E-0E41-47C6-988C-57DCD0DF28E8}"
EndProject
Global
	GlobalSection(SolutionConfigurationPlatforms) = preSolution
		Debug|Any CPU = Debug|Any CPU
		Release|Any CPU = Release|Any CPU
	EndGlobalSection
	GlobalSection(ProjectConfigurationPlatforms) = postSolution
		{2D63819E-0E41-47C6-988C-57DCD0DF28E8}.Debug|Any CPU.ActiveCfg = Debug|Any CPU
		{2D63819E-0E41-47C6-988C-57DCD0DF28E8}.Debug|Any CPU.Build.0 = Debug|Any CPU
		{2D63819E-0E41-47C6-988C-57DCD0DF28E8}.Release|Any CPU.ActiveCfg = Release|Any CPU
		{2D63819E-0E41-47C6-988C-57DCD0DF28E8}.Release|Any CPU.Build.0 = Release|Any CPU
	EndGlobalSection
	GlobalSection(SolutionProperties) = preSolution
		HideSolutionNode = FALSE
	EndGlobalSection
	GlobalSection(ExtensibilityGlobals) = postSolution
		SolutionGuid = {F280960A-DA4B-47D3-8D6E-3EEF579728E7}
	EndGlobalSection
EndGlobal
